// !$*UTF8*$!
{
	archiveVersion = 1;
	classes = {
	};
	objectVersion = 46;
	objects = {

/* Begin PBXBuildFile section */
		3571170C20681C8D008DEE4D /* AppDelegate.swift in Sources */ = {isa = PBXBuildFile; fileRef = 3571170B20681C8C008DEE4D /* AppDelegate.swift */; };
		3571170E20681C8D008DEE4D /* ViewController.swift in Sources */ = {isa = PBXBuildFile; fileRef = 3571170D20681C8D008DEE4D /* ViewController.swift */; };
		3571171120681C8D008DEE4D /* Main.storyboard in Resources */ = {isa = PBXBuildFile; fileRef = 3571170F20681C8D008DEE4D /* Main.storyboard */; };
		3571171320681C8D008DEE4D /* Assets.xcassets in Resources */ = {isa = PBXBuildFile; fileRef = 3571171220681C8D008DEE4D /* Assets.xcassets */; };
		3571171620681C8D008DEE4D /* LaunchScreen.storyboard in Resources */ = {isa = PBXBuildFile; fileRef = 3571171420681C8D008DEE4D /* LaunchScreen.storyboard */; };
/* End PBXBuildFile section */

/* Begin PBXFileReference section */
		3571170820681C8C008DEE4D /* D2B SuperMarket.app */ = {isa = PBXFileReference; explicitFileType = wrapper.application; includeInIndex = 0; path = "D2B SuperMarket.app"; sourceTree = BUILT_PRODUCTS_DIR; };
		3571170B20681C8C008DEE4D /* AppDelegate.swift */ = {isa = PBXFileReference; lastKnownFileType = sourcecode.swift; path = AppDelegate.swift; sourceTree = "<group>"; };
		3571170D20681C8D008DEE4D /* ViewController.swift */ = {isa = PBXFileReference; lastKnownFileType = sourcecode.swift; path = ViewController.swift; sourceTree = "<group>"; };
		3571171020681C8D008DEE4D /* Base */ = {isa = PBXFileReference; lastKnownFileType = file.storyboard; name = Base; path = Base.lproj/Main.storyboard; sourceTree = "<group>"; };
		3571171220681C8D008DEE4D /* Assets.xcassets */ = {isa = PBXFileReference; lastKnownFileType = folder.assetcatalog; path = Assets.xcassets; sourceTree = "<group>"; };
		3571171520681C8D008DEE4D /* Base */ = {isa = PBXFileReference; lastKnownFileType = file.storyboard; name = Base; path = Base.lproj/LaunchScreen.storyboard; sourceTree = "<group>"; };
		3571171720681C8D008DEE4D /* Info.plist */ = {isa = PBXFileReference; lastKnownFileType = text.plist.xml; path = Info.plist; sourceTree = "<group>"; };
/* End PBXFileReference section */

/* Begin PBXFrameworksBuildPhase section */
		3571170520681C8C008DEE4D /* Frameworks */ = {
			isa = PBXFrameworksBuildPhase;
			buildActionMask = 2147483647;
			files = (
			);
			runOnlyForDeploymentPostprocessing = 0;
		};
/* End PBXFrameworksBuildPhase section */

/* Begin PBXGroup section */
		357116FF20681C8C008DEE4D = {
			isa = PBXGroup;
			children = (
				3571170A20681C8C008DEE4D /* D2B SuperMarket */,
				3571170920681C8C008DEE4D /* Products */,
			);
			sourceTree = "<group>";
		};
		3571170920681C8C008DEE4D /* Products */ = {
			isa = PBXGroup;
			children = (
				3571170820681C8C008DEE4D /* D2B SuperMarket.app */,
			);
			name = Products;
			sourceTree = "<group>";
		};
		3571170A20681C8C008DEE4D /* D2B SuperMarket */ = {
			isa = PBXGroup;
			children = (
				3571170B20681C8C008DEE4D /* AppDelegate.swift */,
				3571170D20681C8D008DEE4D /* ViewController.swift */,
				3571170F20681C8D008DEE4D /* Main.storyboard */,
				3571171220681C8D008DEE4D /* Assets.xcassets */,
				3571171420681C8D008DEE4D /* LaunchScreen.storyboard */,
				3571171720681C8D008DEE4D /* Info.plist */,
			);
			path = "D2B SuperMarket";
			sourceTree = "<group>";
		};
/* End PBXGroup section */

/* Begin PBXNativeTarget section */
		3571170720681C8C008DEE4D /* D2B SuperMarket */ = {
			isa = PBXNativeTarget;
			buildConfigurationList = 3571171A20681C8D008DEE4D /* Build configuration list for PBXNativeTarget "D2B SuperMarket" */;
			buildPhases = (
				3571170420681C8C008DEE4D /* Sources */,
				3571170520681C8C008DEE4D /* Frameworks */,
				3571170620681C8C008DEE4D /* Resources */,
			);
			buildRules = (
			);
			dependencies = (
			);
			name = "D2B SuperMarket";
			productName = "D2B SuperMarket";
			productReference = 3571170820681C8C008DEE4D /* D2B SuperMarket.app */;
			productType = "com.apple.product-type.application";
		};
/* End PBXNativeTarget section */

/* Begin PBXProject section */
		3571170020681C8C008DEE4D /* Project object */ = {
			isa = PBXProject;
			attributes = {
				LastSwiftUpdateCheck = 0830;
				LastUpgradeCheck = 0830;
				ORGANIZATIONNAME = Developers2Be;
				TargetAttributes = {
					3571170720681C8C008DEE4D = {
						CreatedOnToolsVersion = 8.3.3;
						ProvisioningStyle = Automatic;
					};
				};
			};
			buildConfigurationList = 3571170320681C8C008DEE4D /* Build configuration list for PBXProject "D2B SuperMarket" */;
			compatibilityVersion = "Xcode 3.2";
			developmentRegion = English;
			hasScannedForEncodings = 0;
			knownRegions = (
				en,
				Base,
			);
			mainGroup = 357116FF20681C8C008DEE4D;
			productRefGroup = 3571170920681C8C008DEE4D /* Products */;
			projectDirPath = "";
			projectRoot = "";
			targets = (
				3571170720681C8C008DEE4D /* D2B SuperMarket */,
			);
		};
/* End PBXProject section */

/* Begin PBXResourcesBuildPhase section */
		3571170620681C8C008DEE4D /* Resources */ = {
			isa = PBXResourcesBuildPhase;
			buildActionMask = 2147483647;
			files = (
				3571171620681C8D008DEE4D /* LaunchScreen.storyboard in Resources */,
				3571171320681C8D008DEE4D /* Assets.xcassets in Resources */,
				3571171120681C8D008DEE4D /* Main.storyboard in Resources */,
			);
			runOnlyForDeploymentPostprocessing = 0;
		};
/* End PBXResourcesBuildPhase section */

/* Begin PBXSourcesBuildPhase section */
		3571170420681C8C008DEE4D /* Sources */ = {
			isa = PBXSourcesBuildPhase;
			buildActionMask = 2147483647;
			files = (
				3571170E20681C8D008DEE4D /* ViewController.swift in Sources */,
				3571170C20681C8D008DEE4D /* AppDelegate.swift in Sources */,
			);
			runOnlyForDeploymentPostprocessing = 0;
		};
/* End PBXSourcesBuildPhase section */

/* Begin PBXVariantGroup section */
		3571170F20681C8D008DEE4D /* Main.storyboard */ = {
			isa = PBXVariantGroup;
			children = (
				3571171020681C8D008DEE4D /* Base */,
			);
			name = Main.storyboard;
			sourceTree = "<group>";
		};
		3571171420681C8D008DEE4D /* LaunchScreen.storyboard */ = {
			isa = PBXVariantGroup;
			children = (
				3571171520681C8D008DEE4D /* Base */,
			);
			name = LaunchScreen.storyboard;
			sourceTree = "<group>";
		};
/* End PBXVariantGroup section */

/* Begin XCBuildConfiguration section */
		3571171820681C8D008DEE4D /* Debug */ = {
			isa = XCBuildConfiguration;
			buildSettings = {
				ALWAYS_SEARCH_USER_PATHS = NO;
				CLANG_ANALYZER_NONNULL = YES;
				CLANG_ANALYZER_NUMBER_OBJECT_CONVERSION = YES_AGGRESSIVE;
				CLANG_CXX_LANGUAGE_STANDARD = "gnu++0x";
				CLANG_CXX_LIBRARY = "libc++";
				CLANG_ENABLE_MODULES = YES;
				CLANG_ENABLE_OBJC_ARC = YES;
				CLANG_WARN_BOOL_CONVERSION = YES;
				CLANG_WARN_CONSTANT_CONVERSION = YES;
				CLANG_WARN_DIRECT_OBJC_ISA_USAGE = YES_ERROR;
				CLANG_WARN_DOCUMENTATION_COMMENTS = YES;
				CLANG_WARN_EMPTY_BODY = YES;
				CLANG_WARN_ENUM_CONVERSION = YES;
				CLANG_WARN_INFINITE_RECURSION = YES;
				CLANG_WARN_INT_CONVERSION = YES;
				CLANG_WARN_OBJC_ROOT_CLASS = YES_ERROR;
				CLANG_WARN_SUSPICIOUS_MOVE = YES;
				CLANG_WARN_UNREACHABLE_CODE = YES;
				CLANG_WARN__DUPLICATE_METHOD_MATCH = YES;
				"CODE_SIGN_IDENTITY[sdk=iphoneos*]" = "iPhone Developer";
				COPY_PHASE_STRIP = NO;
				DEBUG_INFORMATION_FORMAT = dwarf;
				ENABLE_STRICT_OBJC_MSGSEND = YES;
				ENABLE_TESTABILITY = YES;
				GCC_C_LANGUAGE_STANDARD = gnu99;
				GCC_DYNAMIC_NO_PIC = NO;
				GCC_NO_COMMON_BLOCKS = YES;
				GCC_OPTIMIZATION_LEVEL = 0;
				GCC_PREPROCESSOR_DEFINITIONS = (
					"DEBUG=1",
					"$(inherited)",
				);
				GCC_WARN_64_TO_32_BIT_CONVERSION = YES;
				GCC_WARN_ABOUT_RETURN_TYPE = YES_ERROR;
				GCC_WARN_UNDECLARED_SELECTOR = YES;
				GCC_WARN_UNINITIALIZED_AUTOS = YES_AGGRESSIVE;
				GCC_WARN_UNUSED_FUNCTION = YES;
				GCC_WARN_UNUSED_VARIABLE = YES;
				IPHONEOS_DEPLOYMENT_TARGET = 10.3;
				MTL_ENABLE_DEBUG_INFO = YES;
				ONLY_ACTIVE_ARCH = YES;
				SDKROOT = iphoneos;
				SWIFT_ACTIVE_COMPILATION_CONDITIONS = DEBUG;
				SWIFT_OPTIMIZATION_LEVEL = "-Onone";
				TARGETED_DEVICE_FAMILY = "1,2";
			};
			name = Debug;
		};
		3571171920681C8D008DEE4D /* Release */ = {
			isa = XCBuildConfiguration;
			buildSettings = {
				ALWAYS_SEARCH_USER_PATHS = NO;
				CLANG_ANALYZER_NONNULL = YES;
				CLANG_ANALYZER_NUMBER_OBJECT_CONVERSION = YES_AGGRESSIVE;
				CLANG_CXX_LANGUAGE_STANDARD = "gnu++0x";
				CLANG_CXX_LIBRARY = "libc++";
				CLANG_ENABLE_MODULES = YES;
				CLANG_ENABLE_OBJC_ARC = YES;
				CLANG_WARN_BOOL_CONVERSION = YES;
				CLANG_WARN_CONSTANT_CONVERSION = YES;
				CLANG_WARN_DIRECT_OBJC_ISA_USAGE = YES_ERROR;
				CLANG_WARN_DOCUMENTATION_COMMENTS = YES;
				CLANG_WARN_EMPTY_BODY = YES;
				CLANG_WARN_ENUM_CONVERSION = YES;
				CLANG_WARN_INFINITE_RECURSION = YES;
				CLANG_WARN_INT_CONVERSION = YES;
				CLANG_WARN_OBJC_ROOT_CLASS = YES_ERROR;
				CLANG_WARN_SUSPICIOUS_MOVE = YES;
				CLANG_WARN_UNREACHABLE_CODE = YES;
				CLANG_WARN__DUPLICATE_METHOD_MATCH = YES;
				"CODE_SIGN_IDENTITY[sdk=iphoneos*]" = "iPhone Developer";
				COPY_PHASE_STRIP = NO;
				DEBUG_INFORMATION_FORMAT = "dwarf-with-dsym";
				ENABLE_NS_ASSERTIONS = NO;
				ENABLE_STRICT_OBJC_MSGSEND = YES;
				GCC_C_LANGUAGE_STANDARD = gnu99;
				GCC_NO_COMMON_BLOCKS = YES;
				GCC_WARN_64_TO_32_BIT_CONVERSION = YES;
				GCC_WARN_ABOUT_RETURN_TYPE = YES_ERROR;
				GCC_WARN_UNDECLARED_SELECTOR = YES;
				GCC_WARN_UNINITIALIZED_AUTOS = YES_AGGRESSIVE;
				GCC_WARN_UNUSED_FUNCTION = YES;
				GCC_WARN_UNUSED_VARIABLE = YES;
				IPHONEOS_DEPLOYMENT_TARGET = 10.3;
				MTL_ENABLE_DEBUG_INFO = NO;
				SDKROOT = iphoneos;
				SWIFT_OPTIMIZATION_LEVEL = "-Owholemodule";
				TARGETED_DEVICE_FAMILY = "1,2";
				VALIDATE_PRODUCT = YES;
			};
			name = Release;
		};
		3571171B20681C8D008DEE4D /* Debug */ = {
			isa = XCBuildConfiguration;
			buildSettings = {
				ASSETCATALOG_COMPILER_APPICON_NAME = AppIcon;
				INFOPLIST_FILE = "D2B SuperMarket/Info.plist";
				LD_RUNPATH_SEARCH_PATHS = "$(inherited) @executable_path/Frameworks";
				PRODUCT_BUNDLE_IDENTIFIER = "com.TestProject.D2B-SuperMarket";
				PRODUCT_NAME = "$(TARGET_NAME)";
				SWIFT_VERSION = 3.0;
			};
			name = Debug;
		};
		3571171C20681C8D008DEE4D /* Release */ = {
			isa = XCBuildConfiguration;
			buildSettings = {
				ASSETCATALOG_COMPILER_APPICON_NAME = AppIcon;
				INFOPLIST_FILE = "D2B SuperMarket/Info.plist";
				LD_RUNPATH_SEARCH_PATHS = "$(inherited) @executable_path/Frameworks";
				PRODUCT_BUNDLE_IDENTIFIER = "com.TestProject.D2B-SuperMarket";
				PRODUCT_NAME = "$(TARGET_NAME)";
				SWIFT_VERSION = 3.0;
			};
			name = Release;
		};
/* End XCBuildConfiguration section */

/* Begin XCConfigurationList section */
		3571170320681C8C008DEE4D /* Build configuration list for PBXProject "D2B SuperMarket" */ = {
			isa = XCConfigurationList;
			buildConfigurations = (
				3571171820681C8D008DEE4D /* Debug */,
				3571171920681C8D008DEE4D /* Release */,
			);
			defaultConfigurationIsVisible = 0;
			defaultConfigurationName = Release;
		};
		3571171A20681C8D008DEE4D /* Build configuration list for PBXNativeTarget "D2B SuperMarket" */ = {
			isa = XCConfigurationList;
			buildConfigurations = (
				3571171B20681C8D008DEE4D /* Debug */,
				3571171C20681C8D008DEE4D /* Release */,
			);
			defaultConfigurationIsVisible = 0;
		};
/* End XCConfigurationList section */
	};
	rootObject = 3571170020681C8C008DEE4D /* Project object */;
}
